# This file is autogenerated, do not edit; changes may be undone by the next 'dep ensure'.


[[projects]]
  branch = "master"
  digest = "1:1e96579bb1afe3e9ae4cdc883f8f94cc06917da38fdb95a47fd8db1f629888af"
  name = "github.com/BurntSushi/xgb"
  packages = [
    ".",
    "shape",
    "xinerama",
    "xproto",
  ]
  pruneopts = "UT"
  revision = "27f122750802c950b2c869a5b63dafcf590ced95"

[[projects]]
  branch = "master"
  digest = "1:93698a5b0ee991e62e44f2278c0a5baa3545f9ff64366e67060876aa8753e15d"
  name = "github.com/BurntSushi/xgbutil"
  packages = [
    ".",
    "ewmh",
    "xevent",
    "xprop",
  ]
  pruneopts = "UT"
  revision = "f7c97cef3b4e6c88280a5a7091c3314e815ca243"

[[projects]]
  digest = "1:e92f5581902c345eb4ceffdcd4a854fb8f73cf436d47d837d1ec98ef1fe0a214"
  name = "github.com/StackExchange/wmi"
  packages = ["."]
  pruneopts = "UT"
  revision = "5d049714c4a64225c3c79a7cf7d02f7fb5b96338"
  version = "1.0.0"

[[projects]]
  digest = "1:c96d16a4451e48e2c44b2c3531fd8ec9248d822637f1911a88959ca0bcae4a64"
  name = "github.com/go-ole/go-ole"
  packages = [
    ".",
    "oleutil",
  ]
  pruneopts = "UT"
  revision = "39dc8486bd0952279431257138bc428275b86797"
  version = "v1.2.2"

[[projects]]
  digest = "1:f55d805c9a6c66d3dc9dbe199d3ec3379e1ab8ed7e6158a14448ca82b1c8d431"
  name = "github.com/go-vgo/robotgo"
  packages = [
    ".",
    "clipboard",
  ]
  pruneopts = "T"
  revision = "7e017b4cb4d39e6af9cad664c075739fe9cc76fd"
  version = "0.70.0"

[[projects]]
  digest = "1:70fc1bb11353d610de98e7de8e22f19d87202a76e4f35c6d00e54bf6b4cf2381"
  name = "github.com/jessevdk/go-flags"
  packages = ["."]
  pruneopts = "UT"
  revision = "8bc97d602c3bfeb5fc6fc9b5a9c898f245495637"
  source = "github.com/h12w/go-flags"
  version = "v1.1"

[[projects]]
  branch = "master"
  digest = "1:a65caa49a129fb2fc74981bfcd815cba09ea1e67cabe8130fe14be2751b93c81"
  name = "github.com/lxn/win"
  packages = ["."]
  pruneopts = "UT"
  revision = "a7f87360b10eafe73bd3ff01db16976fe7560fbf"

[[projects]]
  digest = "1:6411dc2c8891eb05c1d0599abf571e81f72cbc97ebd223b44d45712f4f1799c2"
  name = "github.com/otiai10/gosseract"
  packages = ["."]
  pruneopts = "UT"
  revision = "b026a6fd291f00736db60738f4e83a79d26359cb"
  version = "v2.2.0"

[[projects]]
  branch = "master"
  digest = "1:673f29782b2de95f6c7f8a08c07ada449daca01913d3dc5b8e8d3563b175ed67"
  name = "github.com/robotn/gohook"
  packages = ["."]
  pruneopts = "T"
  revision = "e36d1aac6c1a92555060e80659b6396d98ab4ec3"

[[projects]]
  digest = "1:014d86c6b3f1811b99a705133b4f9e9d9c1270fed55497f0387362c728c414b3"
  name = "github.com/shirou/gopsutil"
  packages = [
    "cpu",
    "host",
    "internal/common",
    "mem",
    "net",
    "process",
  ]
  pruneopts = "UT"
  revision = "ccc1c1016bc5d10e803189ee43417c50cdde7f1b"
  version = "v2.18.12"

[[projects]]
  branch = "master"
  digest = "1:99c6a6dab47067c9b898e8c8b13d130c6ab4ffbcc4b7cc6236c2cd0b1e344f5b"
  name = "github.com/shirou/w32"
  packages = ["."]
  pruneopts = "UT"
  revision = "bb4de0191aa41b5507caa14b0650cdbddcd9280b"

[[projects]]
  branch = "master"
  digest = "1:4e607c024f1348cc8cfcf641045fb400cd3f2e90ab1338c93b8318a263f5bf85"
  name = "github.com/vcaesar/imgo"
  packages = ["."]
  pruneopts = "UT"
  revision = "13af122cf2fa6117048933e141c0b52f19116ca6"

[[projects]]
  branch = "master"
  digest = "1:94db3c4e31e3144080003ac21bdd0f6d5c05f466da7e634e101ba0e12943f5d3"
  name = "golang.org/x/image"
  packages = ["bmp"]
  pruneopts = "UT"
  revision = "183bebdce1b249c42a7cf6772817e8c2e873b966"

[[projects]]
  branch = "master"
  digest = "1:72f402ba458cb14ed7964c8b9a38d992f27834b3cf3479f3b08ea9e5334811b3"
  name = "golang.org/x/sys"
  packages = [
    "unix",
    "windows",
  ]
  pruneopts = "UT"
  revision = "770c60269bf0ef965e9e7ac8bedcb6bca2a1cefd"

[solve-meta]
  analyzer-name = "dep"
  analyzer-version = 1
  input-imports = [
    "github.com/go-vgo/robotgo",
    "github.com/jessevdk/go-flags",
  ]
  solver-name = "gps-cdcl"
  solver-version = 1
